
Microsoft Visual Studio Solution File, Format Version 12.00
# Visual Studio Version 16
VisualStudioVersion = 16.0.31129.286
MinimumVisualStudioVersion = 10.0.40219.1
Project("{FAE04EC0-301F-11D3-BF4B-00C04F79EFBC}") = "Quicksilver", "Quicksilver\Quicksilver.csproj", "{24BF862A-4D8B-4F28-BE01-7AE206BD1AF6}"
EndProject
Project("{FAE04EC0-301F-11D3-BF4B-00C04F79EFBC}") = "Quicksilver.DAL", "Quicksilver.DAL\Quicksilver.DAL.csproj", "{F240DD86-4AE2-47BB-B429-5659711959BC}"
EndProject
Project("{FAE04EC0-301F-11D3-BF4B-00C04F79EFBC}") = "Quicksilver.BAL", "Quicksilver.BAL\Quicksilver.BAL.csproj", "{8EA60CD5-0E3B-4B4A-BA4B-EA73EDF1807A}"
EndProject
Global
	GlobalSection(SolutionConfigurationPlatforms) = preSolution
		Debug|Any CPU = Debug|Any CPU
		Release|Any CPU = Release|Any CPU
	EndGlobalSection
	GlobalSection(ProjectConfigurationPlatforms) = postSolution
		{24BF862A-4D8B-4F28-BE01-7AE206BD1AF6}.Debug|Any CPU.ActiveCfg = Debug|Any CPU
		{24BF862A-4D8B-4F28-BE01-7AE206BD1AF6}.Debug|Any CPU.Build.0 = Debug|Any CPU
		{24BF862A-4D8B-4F28-BE01-7AE206BD1AF6}.Release|Any CPU.ActiveCfg = Release|Any CPU
		{24BF862A-4D8B-4F28-BE01-7AE206BD1AF6}.Release|Any CPU.Build.0 = Release|Any CPU
		{F240DD86-4AE2-47BB-B429-5659711959BC}.Debug|Any CPU.ActiveCfg = Debug|Any CPU
		{F240DD86-4AE2-47BB-B429-5659711959BC}.Debug|Any CPU.Build.0 = Debug|Any CPU
		{F240DD86-4AE2-47BB-B429-5659711959BC}.Release|Any CPU.ActiveCfg = Release|Any CPU
		{F240DD86-4AE2-47BB-B429-5659711959BC}.Release|Any CPU.Build.0 = Release|Any CPU
		{8EA60CD5-0E3B-4B4A-BA4B-EA73EDF1807A}.Debug|Any CPU.ActiveCfg = Debug|Any CPU
		{8EA60CD5-0E3B-4B4A-BA4B-EA73EDF1807A}.Debug|Any CPU.Build.0 = Debug|Any CPU
		{8EA60CD5-0E3B-4B4A-BA4B-EA73EDF1807A}.Release|Any CPU.ActiveCfg = Release|Any CPU
		{8EA60CD5-0E3B-4B4A-BA4B-EA73EDF1807A}.Release|Any CPU.Build.0 = Release|Any CPU
	EndGlobalSection
	GlobalSection(SolutionProperties) = preSolution
		HideSolutionNode = FALSE
	EndGlobalSection
	GlobalSection(ExtensibilityGlobals) = postSolution
		SolutionGuid = {62383032-9D61-4BAF-89D5-6D2708AD5811}
	EndGlobalSection
EndGlobal
